{
  "version": 4,
  "terraform_version": "1.1.9",
  "serial": 15,
  "lineage": "ead4a46c-568e-7448-1c2d-406042ef84d9",
  "outputs": {
    "tls_private_key": {
      "value": "-----BEGIN RSA PRIVATE KEY-----\nMIIJKAIBAAKCAgEA4ksQE2q0IwZaWth6pgGYFu2r7ZJt8b0g76KfoV0eBHcbqZfH\nTFN5uIDf7QWZr9MOxQ35f3adkL4Uo8vYlKFEvOfQ9H3+uluig/Mr0vxYpDy6vTfw\nizWTxLefrmAwWs0vSEJay9d9oIVmrFNfWKQ79qSPZ7rirbQDF0dKl0Y3ZSSNsrmT\nmVFRI6WB1ElJFQ0i4yIJGJou5IdMRaSnWrZrqOD7XbKmtAK376oWjWXZZCdbBZDL\n/Cq46ad0s3oXSo7ofunNJiSM/eI0+YF3fKHud6ek2t99I17ij88dr1tsxuvC48rN\nMLm1hUWRhrzFSb/D2txLIrb9V7OR/1LgaqtgsxEX6GM+hPth+bsze8a3jcuxDKe8\nF/ot23KcAe9Ak/VUL+rpyttbIYCmV9kjNvUlvGpku+DXi9oXv/L0A7acQjgeia67\nEAjeqXbHsLzpBIfsb5U8a+Wm4mNM/JrlFM+KDutco+wneSCm8cC/CYdY1E5FADHS\ntJGX8vRa13TDsWXj7+clnHVLTjGj5NrHoCY/XvsrzjNBtD+91RzDqh4jRfWJna/o\nGBVdU4rwdcWO01Lbx7LznjtE6OXbzgAi0UZginzigIRd2tzrzoKWcG9szfxw8ATv\n6h/z2fYqp1Fxw2NmkXSetgGDydO+E7BD9BRQ2WuNI6NKWDa+sJykwkdiQAMCAwEA\nAQKCAgBuHd7FxA/CV24SdPNB4taymZcnNTEhCEqFsdoB+MEJpTglz8DgqGI74SKW\nQTpnL8opI8K8PukvrP94MVLECLHdRuUMhF83Ki4sDWHO+pLb4N1yBE2eQEUW3c/r\nV81P8jbG79slBEiSmze6NZvZE5pGTA+oh22U31r9sehfMoD0S9RUGy/y1HoqYXiK\n59qTTuAiLMbGXQjileAMp7H0V36OIGTRVIUAZa5CBr+QsPYXYXtOewZ4QAXZVW5Z\ng9jfpCkI0RbOL80YIkJrA5A0aswTF9YF1+kaFCsllcC5O0D0j3c3x9EPm97z6kWF\njkhmudVBpB8/1lHzomMyHo8r+RdFQZMi2aTTeiok6lJnkRUt4iBw44zXmfgU3HK3\nKagGtjEbekV5T5JXHlqlFY524dlx5KwOoz1h5485HAnopcUCJjR8GiWqIGgekdpa\nV3z7jDs9s+v7IBHiq730kkKgXHy9epoB6T2i/Vk9ZWd+L9+6qgiYtN7mCPub5rTb\n//jTG+O3t4ruW9F1x83h9XLINVRptp1h5GiTyObq4ajIjP1I70DaGhlJOknpv+0e\nikFcOsDbO2zMW56YvEhv+SqYylHX6QDrZUhr9QBGAOthKGFAWhRdBfvNcrzD8c6C\nRcfQOQeAkx7RYd2vwjSeeQK3QtloX79INI8EgR/ewE1UVvU94QKCAQEA8wTYRxwp\n2e1jHR1Ww+XMfuViP6GrDHT0IZHiQH6pU4360lNpCicU7d/pXcWQdmNyjzyzmP4o\nsmbvgepHwZc92ic7TAMSG8DnxBn9kztQSjeIHQi4/RoBLFzpdyoHScvY/ytyWsFP\n1EhfwC8eodobT0TjI0Y2y5qPrYhDzSDCTSoRuXv7jQJaEfrdIeoVpaoSsn2GDAev\n2Uc25q8++wNrcUYU2RcLZnLZX2tQSywa23p3Z8ZOCE+nfODO/acdchtYMSw09RAg\n6b3RYUhByugOhriec2CJ048WDeRl4X4bT2n4X56UFZbui7VveTw2hn9H3iQ1SOv0\n0nPB349N+iq4kwKCAQEA7mGAsfWJ0VqF3mYlXksAFmAnwv+9zC21994AJfQ4j0O/\n6vn5APoR8jKza0pp0F7Mt4X9atL69/eT8gVvHzjbuRAyTxXxFPhTSDZlWuQ91gTn\nu66taMVeyALMz28X1i8n1wUo1xqnfw1eJf6cIRUopG0DuAJZeYYw0oAQ6jNabrdh\n7+UgxNZyYCeXVi/15CQvMU3s8r+EtJiLFeKAt25QPckTFiAJNfmPb4t7+D02gsES\naqj1zs0drmxxy718pFFhUCkddQYIQNWVaEGJ2/nmrcTppt/CLfPEVAOIHaF033dM\nkYR7uduuWmveuq9nxvvnKao1tZbyyoSWAML+BkIw0QKCAQBycZKkkkfHQDrPyDRH\nFt4h2EZXbvwNZrpdYMUq2DtHhPJcwDkUNeluSGcu6M4qYpTdjZmKcA6cTUt3Y+wc\n5+uR463SExQhC8xZll/LSUB7YwFvot7zGp741FyB6MH758quCDjXMng0oUyuRcJo\nOD1qLCfHQdamNYh6EVTUshuumSQ1tIR3GGdwVjJzOTiuhpQ9iE1rNueCLD5Xjqnb\nLfYYJwfEYEzXFzj07aWncQLI3ziCH2o6EcDvVzNDUsLULLpwlb/utIS7bs++v3d0\nZaoJmcHM1eayQY0CR9AOzANyd5Ym+ZgFPsnh8zSm5EtNNX2TyHtrdusZfLgNXwA6\n0omPAoIBAA5ykl42x3eMyPhFsJYabZLtmPtUjKhHTPQM3G1wc80bChKvu8u3XEcV\nk5I5HFiopjepQ0aqKtPEiY7tjWKTC54XwTTR256tvj5uLY5orua9vV2+pHvpGml8\n4fTggs1UZlG92k/PKb+li8M5vzSyF5h/ku4gFlQrMeJQKLZJDn4PVzw24tmLNbtm\nKuHqXjjJiKKwWmAMA3r+k89rvulfIjXcbe+1WVmQGoVkKstMynT6Rqd4Pg2emOHt\naKg0f81lsUQueb6R8wYa68c50aUnbDez64VVomsujwOYgzNoibDRhi57nRQSoGqS\nhxlBcES7F7OKwV6UG3rytjStnL+8W0ECggEBAIeI6CTrobpQ5jkQKNEM6dtsViUK\ntwNXzWjeEaXHqazgeZAIU932g6GrMX1nBI4hAfBNxYMPt0y910eWwoY+dgdLs1Hl\nS6zBV3sDwG2oKxAIAIqwg9qPxbmwsFB0OauSXF70eJhfZZX/21x0npRNxrGntzF6\nLyQpgE0yODS+43dKWPfL8rRfdCgzOuh9E7yAtVCdU1YA8SrYxhkdF0P73aEo1Wni\nYzQ0qZwplpSRHZjmw56PF64IowJzetjpe+bFj5NEiDbPj/0htEC+BpVEJsZc/RhF\nyVt2qIhvU+PYvx3jwDA+Y3Nw20azSHfo0mHPnLCYzPQFGyDfFtF4Bb54vA8=\n-----END RSA PRIVATE KEY-----\n",
      "type": "string",
      "sensitive": true
    },
    "vm_id": {
      "value": "/subscriptions/68522ea3-e587-4426-bad0-3cefc89e79ca/resourceGroups/test-p-myrg/providers/Microsoft.Compute/virtualMachines/test-p-mylinuxvm",
      "type": "string"
    },
    "vm_ip": {
      "value": "",
      "type": "string"
    }
  },
  "resources": [
    {
      "mode": "managed",
      "type": "azurerm_cosmosdb_account",
      "name": "db",
      "provider": "provider[\"registry.terraform.io/hashicorp/azurerm\"]",
      "instances": [
        {
          "schema_version": 0,
          "attributes": {
            "access_key_metadata_writes_enabled": true,
            "analytical_storage": [
              {
                "schema_type": "FullFidelity"
              }
            ],
            "analytical_storage_enabled": false,
            "backup": [
              {
                "interval_in_minutes": 240,
                "retention_in_hours": 8,
                "storage_redundancy": "Geo",
                "type": "Periodic"
              }
            ],
            "capabilities": [
              {
                "name": "EnableAggregationPipeline"
              },
              {
                "name": "EnableMongo"
              },
              {
                "name": "MongoDBv3.4"
              },
              {
                "name": "mongoEnableDocLevelTTL"
              }
            ],
            "capacity": [],
            "connection_strings": [
              "mongodb://test-p-cosmosdb-fe29c5f181069ad8:ntZ7DCfXiz9u0jR74c2jDXGXti2k2J6mJdie7uaVFH4se9vLGcJg9qdXE94V5v9IYHHMJRXSR2RJ3AEzDUc7vA==@test-p-cosmosdb-fe29c5f181069ad8.mongo.cosmos.azure.com:10255/?ssl=true\u0026replicaSet=globaldb\u0026retrywrites=false\u0026maxIdleTimeMS=120000\u0026appName=@test-p-cosmosdb-fe29c5f181069ad8@",
              "mongodb://test-p-cosmosdb-fe29c5f181069ad8:yhDLhdMJWXaleoHX7PBAyKF1m1qQswGgF7J6PKpwBFlxWnczfcGlm5gMRhHw2utnDoVjFLkRU9qlMJxC9YyEXQ==@test-p-cosmosdb-fe29c5f181069ad8.mongo.cosmos.azure.com:10255/?ssl=true\u0026replicaSet=globaldb\u0026retrywrites=false\u0026maxIdleTimeMS=120000\u0026appName=@test-p-cosmosdb-fe29c5f181069ad8@",
              "mongodb://test-p-cosmosdb-fe29c5f181069ad8:p6mhVBXRQV1ddP2Bnk1LEBuCsC6kNL5AsFIGMa0gnkfc8dW11AeyRvHwkYX4u9JneYU72Qf5a0mf8eS5YIVpkA==@test-p-cosmosdb-fe29c5f181069ad8.mongo.cosmos.azure.com:10255/?ssl=true\u0026replicaSet=globaldb\u0026retrywrites=false\u0026maxIdleTimeMS=120000\u0026appName=@test-p-cosmosdb-fe29c5f181069ad8@",
              "mongodb://test-p-cosmosdb-fe29c5f181069ad8:cEBdCMLps0Fu58XSFJz9Det84HTF5Kd5FF6p5cZL5XuTWLyYdcY5xw27GLs1V5lSOnt1XiLERH5VSyQZcSFDjA==@test-p-cosmosdb-fe29c5f181069ad8.mongo.cosmos.azure.com:10255/?ssl=true\u0026replicaSet=globaldb\u0026retrywrites=false\u0026maxIdleTimeMS=120000\u0026appName=@test-p-cosmosdb-fe29c5f181069ad8@"
            ],
            "consistency_policy": [
              {
                "consistency_level": "BoundedStaleness",
                "max_interval_in_seconds": 300,
                "max_staleness_prefix": 100000
              }
            ],
            "cors_rule": [],
            "create_mode": "",
            "default_identity_type": "FirstPartyIdentity",
            "enable_automatic_failover": true,
            "enable_free_tier": false,
            "enable_multiple_write_locations": false,
            "endpoint": "https://test-p-cosmosdb-fe29c5f181069ad8.documents.azure.com:443/",
            "geo_location": [
              {
                "failover_priority": 0,
                "id": "test-p-cosmosdb-fe29c5f181069ad8-westeurope",
                "location": "westeurope",
                "zone_redundant": false
              },
              {
                "failover_priority": 1,
                "id": "test-p-cosmosdb-fe29c5f181069ad8-northeurope",
                "location": "northeurope",
                "zone_redundant": false
              }
            ],
            "id": "/subscriptions/68522ea3-e587-4426-bad0-3cefc89e79ca/resourceGroups/test-p-myrg/providers/Microsoft.DocumentDB/databaseAccounts/test-p-cosmosdb-fe29c5f181069ad8",
            "identity": [],
            "ip_range_filter": "",
            "is_virtual_network_filter_enabled": false,
            "key_vault_key_id": null,
            "kind": "MongoDB",
            "local_authentication_disabled": false,
            "location": "westeurope",
            "mongo_server_version": "3.6",
            "name": "test-p-cosmosdb-fe29c5f181069ad8",
            "network_acl_bypass_for_azure_services": false,
            "network_acl_bypass_ids": null,
            "offer_type": "Standard",
            "primary_key": "ntZ7DCfXiz9u0jR74c2jDXGXti2k2J6mJdie7uaVFH4se9vLGcJg9qdXE94V5v9IYHHMJRXSR2RJ3AEzDUc7vA==",
            "primary_readonly_key": "p6mhVBXRQV1ddP2Bnk1LEBuCsC6kNL5AsFIGMa0gnkfc8dW11AeyRvHwkYX4u9JneYU72Qf5a0mf8eS5YIVpkA==",
            "public_network_access_enabled": true,
            "read_endpoints": [
              "https://test-p-cosmosdb-fe29c5f181069ad8-westeurope.documents.azure.com:443/",
              "https://test-p-cosmosdb-fe29c5f181069ad8-northeurope.documents.azure.com:443/"
            ],
            "resource_group_name": "test-p-myrg",
            "restore": [],
            "secondary_key": "yhDLhdMJWXaleoHX7PBAyKF1m1qQswGgF7J6PKpwBFlxWnczfcGlm5gMRhHw2utnDoVjFLkRU9qlMJxC9YyEXQ==",
            "secondary_readonly_key": "cEBdCMLps0Fu58XSFJz9Det84HTF5Kd5FF6p5cZL5XuTWLyYdcY5xw27GLs1V5lSOnt1XiLERH5VSyQZcSFDjA==",
            "tags": null,
            "timeouts": null,
            "virtual_network_rule": [],
            "write_endpoints": [
              "https://test-p-cosmosdb-fe29c5f181069ad8-westeurope.documents.azure.com:443/"
            ]
          },
          "sensitive_attributes": [],
          "private": "eyJlMmJmYjczMC1lY2FhLTExZTYtOGY4OC0zNDM2M2JjN2M0YzAiOnsiY3JlYXRlIjoxMDgwMDAwMDAwMDAwMCwiZGVsZXRlIjoxMDgwMDAwMDAwMDAwMCwicmVhZCI6MzAwMDAwMDAwMDAwLCJ1cGRhdGUiOjEwODAwMDAwMDAwMDAwfX0=",
          "dependencies": [
            "azurerm_resource_group.rg",
            "random_id.randomId"
          ]
        }
      ]
    },
    {
      "mode": "managed",
      "type": "azurerm_linux_virtual_machine",
      "name": "linuxvm",
      "provider": "provider[\"registry.terraform.io/hashicorp/azurerm\"]",
      "instances": [
        {
          "schema_version": 0,
          "attributes": {
            "additional_capabilities": [],
            "admin_password": null,
            "admin_ssh_key": [
              {
                "public_key": "ssh-rsa AAAAB3NzaC1yc2EAAAADAQABAAACAQDiSxATarQjBlpa2HqmAZgW7avtkm3xvSDvop+hXR4Edxupl8dMU3m4gN/tBZmv0w7FDfl/dp2QvhSjy9iUoUS859D0ff66W6KD8yvS/FikPLq9N/CLNZPEt5+uYDBazS9IQlrL132ghWasU19YpDv2pI9nuuKttAMXR0qXRjdlJI2yuZOZUVEjpYHUSUkVDSLjIgkYmi7kh0xFpKdatmuo4Ptdsqa0ArfvqhaNZdlkJ1sFkMv8Krjpp3SzehdKjuh+6c0mJIz94jT5gXd8oe53p6Ta330jXuKPzx2vW2zG68Ljys0wubWFRZGGvMVJv8Pa3Esitv1Xs5H/UuBqq2CzERfoYz6E+2H5uzN7xreNy7EMp7wX+i3bcpwB70CT9VQv6unK21shgKZX2SM29SW8amS74NeL2he/8vQDtpxCOB6JrrsQCN6pdsewvOkEh+xvlTxr5abiY0z8muUUz4oO61yj7Cd5IKbxwL8Jh1jUTkUAMdK0kZfy9FrXdMOxZePv5yWcdUtOMaPk2segJj9e+yvOM0G0P73VHMOqHiNF9Ymdr+gYFV1TivB1xY7TUtvHsvOeO0To5dvOACLRRmCKfOKAhF3a3OvOgpZwb2zN/HDwBO/qH/PZ9iqnUXHDY2aRdJ62AYPJ074TsEP0FFDZa40jo0pYNr6wnKTCR2JAAw==\n",
                "username": "azureuser"
              }
            ],
            "admin_username": "azureuser",
            "allow_extension_operations": true,
            "availability_set_id": "",
            "boot_diagnostics": [
              {
                "storage_account_uri": "https://diagfe29c5f181069ad8.blob.core.windows.net/"
              }
            ],
            "computer_name": "myvm-p",
            "custom_data": null,
            "dedicated_host_group_id": "",
            "dedicated_host_id": "",
            "disable_password_authentication": true,
            "edge_zone": "",
            "encryption_at_host_enabled": false,
            "eviction_policy": "",
            "extensions_time_budget": "PT1H30M",
            "id": "/subscriptions/68522ea3-e587-4426-bad0-3cefc89e79ca/resourceGroups/test-p-myrg/providers/Microsoft.Compute/virtualMachines/test-p-mylinuxvm",
            "identity": [],
            "license_type": "",
            "location": "westeurope",
            "max_bid_price": -1,
            "name": "test-p-mylinuxvm",
            "network_interface_ids": [
              "/subscriptions/68522ea3-e587-4426-bad0-3cefc89e79ca/resourceGroups/test-p-myrg/providers/Microsoft.Network/networkInterfaces/test-p-mynic"
            ],
            "os_disk": [
              {
                "caching": "ReadWrite",
                "diff_disk_settings": [],
                "disk_encryption_set_id": "",
                "disk_size_gb": 30,
                "name": "myOsDisk-p",
                "storage_account_type": "Premium_LRS",
                "write_accelerator_enabled": false
              }
            ],
            "patch_mode": "ImageDefault",
            "plan": [],
            "platform_fault_domain": -1,
            "priority": "Regular",
            "private_ip_address": "10.0.1.4",
            "private_ip_addresses": [
              "10.0.1.4"
            ],
            "provision_vm_agent": true,
            "proximity_placement_group_id": "",
            "public_ip_address": "",
            "public_ip_addresses": [],
            "resource_group_name": "test-p-myrg",
            "secret": [],
            "secure_boot_enabled": false,
            "size": "Standard_D4s_v3",
            "source_image_id": "",
            "source_image_reference": [
              {
                "offer": "UbuntuServer",
                "publisher": "Canonical",
                "sku": "18.04-LTS",
                "version": "latest"
              }
            ],
            "tags": {
              "environment": "test"
            },
            "termination_notification": null,
            "timeouts": null,
            "user_data": "",
            "virtual_machine_id": "9ea2bd94-70b9-49d2-8e85-b0fb7282896f",
            "virtual_machine_scale_set_id": "",
            "vtpm_enabled": false,
            "zone": ""
          },
          "sensitive_attributes": [],
          "private": "eyJlMmJmYjczMC1lY2FhLTExZTYtOGY4OC0zNDM2M2JjN2M0YzAiOnsiY3JlYXRlIjoyNzAwMDAwMDAwMDAwLCJkZWxldGUiOjI3MDAwMDAwMDAwMDAsInJlYWQiOjMwMDAwMDAwMDAwMCwidXBkYXRlIjoyNzAwMDAwMDAwMDAwfX0=",
          "dependencies": [
            "azurerm_network_interface.nic",
            "azurerm_resource_group.rg",
            "azurerm_storage_account.storage",
            "azurerm_subnet.subnet",
            "azurerm_virtual_network.vnet",
            "random_id.randomId",
            "tls_private_key.example_ssh"
          ]
        }
      ]
    },
    {
      "mode": "managed",
      "type": "azurerm_network_interface",
      "name": "nic",
      "provider": "provider[\"registry.terraform.io/hashicorp/azurerm\"]",
      "instances": [
        {
          "schema_version": 0,
          "attributes": {
            "applied_dns_servers": [],
            "dns_servers": [],
            "edge_zone": "",
            "enable_accelerated_networking": false,
            "enable_ip_forwarding": false,
            "id": "/subscriptions/68522ea3-e587-4426-bad0-3cefc89e79ca/resourceGroups/test-p-myrg/providers/Microsoft.Network/networkInterfaces/test-p-mynic",
            "internal_dns_name_label": "",
            "internal_domain_name_suffix": "uwr15gayukkuvn2bxb55ycr4uf.ax.internal.cloudapp.net",
            "ip_configuration": [
              {
                "gateway_load_balancer_frontend_ip_configuration_id": "",
                "name": "myNicIPConfiguration-P",
                "primary": true,
                "private_ip_address": "10.0.1.4",
                "private_ip_address_allocation": "Dynamic",
                "private_ip_address_version": "IPv4",
                "public_ip_address_id": "",
                "subnet_id": "/subscriptions/68522ea3-e587-4426-bad0-3cefc89e79ca/resourceGroups/test-p-myrg/providers/Microsoft.Network/virtualNetworks/test-p-myvnet/subnets/test-p-mysubnet"
              }
            ],
            "location": "westeurope",
            "mac_address": "",
            "name": "test-p-mynic",
            "private_ip_address": "10.0.1.4",
            "private_ip_addresses": [
              "10.0.1.4"
            ],
            "resource_group_name": "test-p-myrg",
            "tags": {
              "environment": "test"
            },
            "timeouts": null,
            "virtual_machine_id": ""
          },
          "sensitive_attributes": [],
          "private": "eyJlMmJmYjczMC1lY2FhLTExZTYtOGY4OC0zNDM2M2JjN2M0YzAiOnsiY3JlYXRlIjoxODAwMDAwMDAwMDAwLCJkZWxldGUiOjE4MDAwMDAwMDAwMDAsInJlYWQiOjMwMDAwMDAwMDAwMCwidXBkYXRlIjoxODAwMDAwMDAwMDAwfX0=",
          "dependencies": [
            "azurerm_resource_group.rg",
            "azurerm_subnet.subnet",
            "azurerm_virtual_network.vnet"
          ]
        }
      ]
    },
    {
      "mode": "managed",
      "type": "azurerm_network_interface_security_group_association",
      "name": "association",
      "provider": "provider[\"registry.terraform.io/hashicorp/azurerm\"]",
      "instances": [
        {
          "schema_version": 0,
          "attributes": {
            "id": "/subscriptions/68522ea3-e587-4426-bad0-3cefc89e79ca/resourceGroups/test-p-myrg/providers/Microsoft.Network/networkInterfaces/test-p-mynic|/subscriptions/68522ea3-e587-4426-bad0-3cefc89e79ca/resourceGroups/test-p-myrg/providers/Microsoft.Network/networkSecurityGroups/test-p-mynsg",
            "network_interface_id": "/subscriptions/68522ea3-e587-4426-bad0-3cefc89e79ca/resourceGroups/test-p-myrg/providers/Microsoft.Network/networkInterfaces/test-p-mynic",
            "network_security_group_id": "/subscriptions/68522ea3-e587-4426-bad0-3cefc89e79ca/resourceGroups/test-p-myrg/providers/Microsoft.Network/networkSecurityGroups/test-p-mynsg",
            "timeouts": null
          },
          "sensitive_attributes": [],
          "private": "eyJlMmJmYjczMC1lY2FhLTExZTYtOGY4OC0zNDM2M2JjN2M0YzAiOnsiY3JlYXRlIjoxODAwMDAwMDAwMDAwLCJkZWxldGUiOjE4MDAwMDAwMDAwMDAsInJlYWQiOjMwMDAwMDAwMDAwMCwidXBkYXRlIjoxODAwMDAwMDAwMDAwfX0=",
          "dependencies": [
            "azurerm_network_interface.nic",
            "azurerm_network_security_group.nsg",
            "azurerm_resource_group.rg",
            "azurerm_subnet.subnet",
            "azurerm_virtual_network.vnet"
          ]
        }
      ]
    },
    {
      "mode": "managed",
      "type": "azurerm_network_security_group",
      "name": "nsg",
      "provider": "provider[\"registry.terraform.io/hashicorp/azurerm\"]",
      "instances": [
        {
          "schema_version": 0,
          "attributes": {
            "id": "/subscriptions/68522ea3-e587-4426-bad0-3cefc89e79ca/resourceGroups/test-p-myrg/providers/Microsoft.Network/networkSecurityGroups/test-p-mynsg",
            "location": "westeurope",
            "name": "test-p-mynsg",
            "resource_group_name": "test-p-myrg",
            "security_rule": [
              {
                "access": "Allow",
                "description": "",
                "destination_address_prefix": "*",
                "destination_address_prefixes": [],
                "destination_application_security_group_ids": [],
                "destination_port_range": "22",
                "destination_port_ranges": [],
                "direction": "Inbound",
                "name": "SSH",
                "priority": 1001,
                "protocol": "Tcp",
                "source_address_prefix": "*",
                "source_address_prefixes": [],
                "source_application_security_group_ids": [],
                "source_port_range": "*",
                "source_port_ranges": []
              }
            ],
            "tags": {
              "environment": "test"
            },
            "timeouts": null
          },
          "sensitive_attributes": [],
          "private": "eyJlMmJmYjczMC1lY2FhLTExZTYtOGY4OC0zNDM2M2JjN2M0YzAiOnsiY3JlYXRlIjoxODAwMDAwMDAwMDAwLCJkZWxldGUiOjE4MDAwMDAwMDAwMDAsInJlYWQiOjMwMDAwMDAwMDAwMCwidXBkYXRlIjoxODAwMDAwMDAwMDAwfX0=",
          "dependencies": [
            "azurerm_resource_group.rg"
          ]
        }
      ]
    },
    {
      "mode": "managed",
      "type": "azurerm_resource_group",
      "name": "rg",
      "provider": "provider[\"registry.terraform.io/hashicorp/azurerm\"]",
      "instances": [
        {
          "schema_version": 0,
          "attributes": {
            "id": "/subscriptions/68522ea3-e587-4426-bad0-3cefc89e79ca/resourceGroups/test-p-myrg",
            "location": "westeurope",
            "name": "test-p-myrg",
            "tags": {
              "environment": "test"
            },
            "timeouts": null
          },
          "sensitive_attributes": [],
          "private": "eyJlMmJmYjczMC1lY2FhLTExZTYtOGY4OC0zNDM2M2JjN2M0YzAiOnsiY3JlYXRlIjo1NDAwMDAwMDAwMDAwLCJkZWxldGUiOjU0MDAwMDAwMDAwMDAsInJlYWQiOjMwMDAwMDAwMDAwMCwidXBkYXRlIjo1NDAwMDAwMDAwMDAwfX0="
        }
      ]
    },
    {
      "mode": "managed",
      "type": "azurerm_storage_account",
      "name": "storage",
      "provider": "provider[\"registry.terraform.io/hashicorp/azurerm\"]",
      "instances": [
        {
          "schema_version": 3,
          "attributes": {
            "access_tier": "Hot",
            "account_kind": "StorageV2",
            "account_replication_type": "LRS",
            "account_tier": "Standard",
            "allow_nested_items_to_be_public": true,
            "azure_files_authentication": [],
            "blob_properties": [
              {
                "change_feed_enabled": false,
                "container_delete_retention_policy": [],
                "cors_rule": [],
                "default_service_version": "",
                "delete_retention_policy": [],
                "last_access_time_enabled": false,
                "versioning_enabled": false
              }
            ],
            "custom_domain": [],
            "customer_managed_key": [],
            "edge_zone": "",
            "enable_https_traffic_only": true,
            "id": "/subscriptions/68522ea3-e587-4426-bad0-3cefc89e79ca/resourceGroups/test-p-myrg/providers/Microsoft.Storage/storageAccounts/diagfe29c5f181069ad8",
            "identity": [],
            "infrastructure_encryption_enabled": false,
            "is_hns_enabled": false,
            "large_file_share_enabled": null,
            "location": "westeurope",
            "min_tls_version": "TLS1_2",
            "name": "diagfe29c5f181069ad8",
            "network_rules": [
              {
                "bypass": [
                  "AzureServices"
                ],
                "default_action": "Allow",
                "ip_rules": [],
                "private_link_access": [],
                "virtual_network_subnet_ids": []
              }
            ],
            "nfsv3_enabled": false,
            "primary_access_key": "ciNUQrw+1PuQG6ekUT1qY8Cd74Ocvi16owlnWNM7c8mbsKRWJFbExyeZKnuiMLy5qQCEo3tnGzoY4Tjfxi9e+g==",
            "primary_blob_connection_string": "DefaultEndpointsProtocol=https;BlobEndpoint=https://diagfe29c5f181069ad8.blob.core.windows.net/;AccountName=diagfe29c5f181069ad8;AccountKey=ciNUQrw+1PuQG6ekUT1qY8Cd74Ocvi16owlnWNM7c8mbsKRWJFbExyeZKnuiMLy5qQCEo3tnGzoY4Tjfxi9e+g==",
            "primary_blob_endpoint": "https://diagfe29c5f181069ad8.blob.core.windows.net/",
            "primary_blob_host": "diagfe29c5f181069ad8.blob.core.windows.net",
            "primary_connection_string": "DefaultEndpointsProtocol=https;AccountName=diagfe29c5f181069ad8;AccountKey=ciNUQrw+1PuQG6ekUT1qY8Cd74Ocvi16owlnWNM7c8mbsKRWJFbExyeZKnuiMLy5qQCEo3tnGzoY4Tjfxi9e+g==;EndpointSuffix=core.windows.net",
            "primary_dfs_endpoint": "https://diagfe29c5f181069ad8.dfs.core.windows.net/",
            "primary_dfs_host": "diagfe29c5f181069ad8.dfs.core.windows.net",
            "primary_file_endpoint": "https://diagfe29c5f181069ad8.file.core.windows.net/",
            "primary_file_host": "diagfe29c5f181069ad8.file.core.windows.net",
            "primary_location": "westeurope",
            "primary_queue_endpoint": "https://diagfe29c5f181069ad8.queue.core.windows.net/",
            "primary_queue_host": "diagfe29c5f181069ad8.queue.core.windows.net",
            "primary_table_endpoint": "https://diagfe29c5f181069ad8.table.core.windows.net/",
            "primary_table_host": "diagfe29c5f181069ad8.table.core.windows.net",
            "primary_web_endpoint": "https://diagfe29c5f181069ad8.z6.web.core.windows.net/",
            "primary_web_host": "diagfe29c5f181069ad8.z6.web.core.windows.net",
            "queue_encryption_key_type": "Service",
            "queue_properties": [
              {
                "cors_rule": [],
                "hour_metrics": [
                  {
                    "enabled": true,
                    "include_apis": true,
                    "retention_policy_days": 7,
                    "version": "1.0"
                  }
                ],
                "logging": [
                  {
                    "delete": false,
                    "read": false,
                    "retention_policy_days": 0,
                    "version": "1.0",
                    "write": false
                  }
                ],
                "minute_metrics": [
                  {
                    "enabled": false,
                    "include_apis": false,
                    "retention_policy_days": 0,
                    "version": "1.0"
                  }
                ]
              }
            ],
            "resource_group_name": "test-p-myrg",
            "routing": [],
            "secondary_access_key": "0F8Lk303NBQ19QA+kU71Dct6AsQiKoJ8PUslZVXg7zur11QZZz7cpPWQPdhl5Nts+3lqw3H71uxv5LsjEtcpRA==",
            "secondary_blob_connection_string": "",
            "secondary_blob_endpoint": null,
            "secondary_blob_host": null,
            "secondary_connection_string": "DefaultEndpointsProtocol=https;AccountName=diagfe29c5f181069ad8;AccountKey=0F8Lk303NBQ19QA+kU71Dct6AsQiKoJ8PUslZVXg7zur11QZZz7cpPWQPdhl5Nts+3lqw3H71uxv5LsjEtcpRA==;EndpointSuffix=core.windows.net",
            "secondary_dfs_endpoint": null,
            "secondary_dfs_host": null,
            "secondary_file_endpoint": null,
            "secondary_file_host": null,
            "secondary_location": "",
            "secondary_queue_endpoint": null,
            "secondary_queue_host": null,
            "secondary_table_endpoint": null,
            "secondary_table_host": null,
            "secondary_web_endpoint": null,
            "secondary_web_host": null,
            "share_properties": [
              {
                "cors_rule": [],
                "retention_policy": [
                  {
                    "days": 7
                  }
                ],
                "smb": []
              }
            ],
            "shared_access_key_enabled": true,
            "static_website": [],
            "table_encryption_key_type": "Service",
            "tags": {
              "environment": "test"
            },
            "timeouts": null
          },
          "sensitive_attributes": [],
          "private": "eyJlMmJmYjczMC1lY2FhLTExZTYtOGY4OC0zNDM2M2JjN2M0YzAiOnsiY3JlYXRlIjozNjAwMDAwMDAwMDAwLCJkZWxldGUiOjM2MDAwMDAwMDAwMDAsInJlYWQiOjMwMDAwMDAwMDAwMCwidXBkYXRlIjozNjAwMDAwMDAwMDAwfSwic2NoZW1hX3ZlcnNpb24iOiIzIn0=",
          "dependencies": [
            "azurerm_resource_group.rg",
            "random_id.randomId"
          ]
        }
      ]
    },
    {
      "mode": "managed",
      "type": "azurerm_subnet",
      "name": "subnet",
      "provider": "provider[\"registry.terraform.io/hashicorp/azurerm\"]",
      "instances": [
        {
          "schema_version": 0,
          "attributes": {
            "address_prefixes": [
              "10.0.1.0/24"
            ],
            "delegation": [],
            "enforce_private_link_endpoint_network_policies": false,
            "enforce_private_link_service_network_policies": false,
            "id": "/subscriptions/68522ea3-e587-4426-bad0-3cefc89e79ca/resourceGroups/test-p-myrg/providers/Microsoft.Network/virtualNetworks/test-p-myvnet/subnets/test-p-mysubnet",
            "name": "test-p-mysubnet",
            "resource_group_name": "test-p-myrg",
            "service_endpoint_policy_ids": null,
            "service_endpoints": null,
            "timeouts": null,
            "virtual_network_name": "test-p-myvnet"
          },
          "sensitive_attributes": [],
          "private": "eyJlMmJmYjczMC1lY2FhLTExZTYtOGY4OC0zNDM2M2JjN2M0YzAiOnsiY3JlYXRlIjoxODAwMDAwMDAwMDAwLCJkZWxldGUiOjE4MDAwMDAwMDAwMDAsInJlYWQiOjMwMDAwMDAwMDAwMCwidXBkYXRlIjoxODAwMDAwMDAwMDAwfX0=",
          "dependencies": [
            "azurerm_resource_group.rg",
            "azurerm_virtual_network.vnet"
          ]
        }
      ]
    },
    {
      "mode": "managed",
      "type": "azurerm_virtual_network",
      "name": "vnet",
      "provider": "provider[\"registry.terraform.io/hashicorp/azurerm\"]",
      "instances": [
        {
          "schema_version": 0,
          "attributes": {
            "address_space": [
              "10.0.0.0/16"
            ],
            "bgp_community": "",
            "ddos_protection_plan": [],
            "dns_servers": [],
            "edge_zone": "",
            "flow_timeout_in_minutes": 0,
            "guid": "98bfa3a5-a218-4a95-b781-b87ffc0a3ea5",
            "id": "/subscriptions/68522ea3-e587-4426-bad0-3cefc89e79ca/resourceGroups/test-p-myrg/providers/Microsoft.Network/virtualNetworks/test-p-myvnet",
            "location": "westeurope",
            "name": "test-p-myvnet",
            "resource_group_name": "test-p-myrg",
            "subnet": [],
            "tags": {
              "environment": "test"
            },
            "timeouts": null
          },
          "sensitive_attributes": [],
          "private": "eyJlMmJmYjczMC1lY2FhLTExZTYtOGY4OC0zNDM2M2JjN2M0YzAiOnsiY3JlYXRlIjoxODAwMDAwMDAwMDAwLCJkZWxldGUiOjE4MDAwMDAwMDAwMDAsInJlYWQiOjMwMDAwMDAwMDAwMCwidXBkYXRlIjoxODAwMDAwMDAwMDAwfX0=",
          "dependencies": [
            "azurerm_resource_group.rg"
          ]
        }
      ]
    },
    {
      "mode": "managed",
      "type": "random_id",
      "name": "randomId",
      "provider": "provider[\"registry.terraform.io/hashicorp/random\"]",
      "instances": [
        {
          "schema_version": 0,
          "attributes": {
            "b64_std": "/inF8YEGmtg=",
            "b64_url": "_inF8YEGmtg",
            "byte_length": 8,
            "dec": "18314387000721316568",
            "hex": "fe29c5f181069ad8",
            "id": "_inF8YEGmtg",
            "keepers": {
              "resource_group": "test-p-myrg"
            },
            "prefix": null
          },
          "sensitive_attributes": [],
          "private": "bnVsbA==",
          "dependencies": [
            "azurerm_resource_group.rg"
          ]
        }
      ]
    },
    {
      "mode": "managed",
      "type": "tls_private_key",
      "name": "example_ssh",
      "provider": "provider[\"registry.terraform.io/hashicorp/tls\"]",
      "instances": [
        {
          "schema_version": 0,
          "attributes": {
            "algorithm": "RSA",
            "ecdsa_curve": "P224",
            "id": "e1d523396018822785b61c615339aca2b4b7d44e",
            "private_key_openssh": "-----BEGIN OPENSSH PRIVATE KEY-----\nb3BlbnNzaC1rZXktdjEAAAAABG5vbmUAAAAEbm9uZQAAAAAAAAABAAACFwAAAAdz\nc2gtcnNhAAAAAwEAAQAAAgEA4ksQE2q0IwZaWth6pgGYFu2r7ZJt8b0g76KfoV0e\nBHcbqZfHTFN5uIDf7QWZr9MOxQ35f3adkL4Uo8vYlKFEvOfQ9H3+uluig/Mr0vxY\npDy6vTfwizWTxLefrmAwWs0vSEJay9d9oIVmrFNfWKQ79qSPZ7rirbQDF0dKl0Y3\nZSSNsrmTmVFRI6WB1ElJFQ0i4yIJGJou5IdMRaSnWrZrqOD7XbKmtAK376oWjWXZ\nZCdbBZDL/Cq46ad0s3oXSo7ofunNJiSM/eI0+YF3fKHud6ek2t99I17ij88dr1ts\nxuvC48rNMLm1hUWRhrzFSb/D2txLIrb9V7OR/1LgaqtgsxEX6GM+hPth+bsze8a3\njcuxDKe8F/ot23KcAe9Ak/VUL+rpyttbIYCmV9kjNvUlvGpku+DXi9oXv/L0A7ac\nQjgeia67EAjeqXbHsLzpBIfsb5U8a+Wm4mNM/JrlFM+KDutco+wneSCm8cC/CYdY\n1E5FADHStJGX8vRa13TDsWXj7+clnHVLTjGj5NrHoCY/XvsrzjNBtD+91RzDqh4j\nRfWJna/oGBVdU4rwdcWO01Lbx7LznjtE6OXbzgAi0UZginzigIRd2tzrzoKWcG9s\nzfxw8ATv6h/z2fYqp1Fxw2NmkXSetgGDydO+E7BD9BRQ2WuNI6NKWDa+sJykwkdi\nQAMAAAc4WeDhf1ng4X8AAAAHc3NoLXJzYQAAAgEA4ksQE2q0IwZaWth6pgGYFu2r\n7ZJt8b0g76KfoV0eBHcbqZfHTFN5uIDf7QWZr9MOxQ35f3adkL4Uo8vYlKFEvOfQ\n9H3+uluig/Mr0vxYpDy6vTfwizWTxLefrmAwWs0vSEJay9d9oIVmrFNfWKQ79qSP\nZ7rirbQDF0dKl0Y3ZSSNsrmTmVFRI6WB1ElJFQ0i4yIJGJou5IdMRaSnWrZrqOD7\nXbKmtAK376oWjWXZZCdbBZDL/Cq46ad0s3oXSo7ofunNJiSM/eI0+YF3fKHud6ek\n2t99I17ij88dr1tsxuvC48rNMLm1hUWRhrzFSb/D2txLIrb9V7OR/1LgaqtgsxEX\n6GM+hPth+bsze8a3jcuxDKe8F/ot23KcAe9Ak/VUL+rpyttbIYCmV9kjNvUlvGpk\nu+DXi9oXv/L0A7acQjgeia67EAjeqXbHsLzpBIfsb5U8a+Wm4mNM/JrlFM+KDutc\no+wneSCm8cC/CYdY1E5FADHStJGX8vRa13TDsWXj7+clnHVLTjGj5NrHoCY/Xvsr\nzjNBtD+91RzDqh4jRfWJna/oGBVdU4rwdcWO01Lbx7LznjtE6OXbzgAi0UZginzi\ngIRd2tzrzoKWcG9szfxw8ATv6h/z2fYqp1Fxw2NmkXSetgGDydO+E7BD9BRQ2WuN\nI6NKWDa+sJykwkdiQAMAAAADAQABAAACAG4d3sXED8JXbhJ080Hi1rKZlyc1MSEI\nSoWx2gH4wQmlOCXPwOCoYjvhIpZBOmcvyikjwrw+6S+s/3gxUsQIsd1G5QyEXzcq\nLiwNYc76ktvg3XIETZ5ARRbdz+tXzU/yNsbv2yUESJKbN7o1m9kTmkZMD6iHbZTf\nWv2x6F8ygPRL1FQbL/LUeipheIrn2pNO4CIsxsZdCOKV4AynsfRXfo4gZNFUhQBl\nrkIGv5Cw9hdhe057BnhABdlVblmD2N+kKQjRFs4vzRgiQmsDkDRqzBMX1gXX6RoU\nKyWVwLk7QPSPdzfH0Q+b3vPqRYWOSGa51UGkHz/WUfOiYzIejyv5F0VBkyLZpNN6\nKiTqUmeRFS3iIHDjjNeZ+BTccrcpqAa2MRt6RXlPklceWqUVjnbh2XHkrA6jPWHn\njzkcCeilxQImNHwaJaogaB6R2lpXfPuMOz2z6/sgEeKrvfSSQqBcfL16mgHpPaL9\nWT1lZ34v37qqCJi03uYI+5vmtNv/+NMb47e3iu5b0XXHzeH1csg1VGm2nWHkaJPI\n5urhqMiM/UjvQNoaGUk6Sem/7R6KQVw6wNs7bMxbnpi8SG/5KpjKUdfpAOtlSGv1\nAEYA62EoYUBaFF0F+81yvMPxzoJFx9A5B4CTHtFh3a/CNJ55ArdC2Whfv0g0jwSB\nH97ATVRW9T3hAAABAQCHiOgk66G6UOY5ECjRDOnbbFYlCrcDV81o3hGlx6ms4HmQ\nCFPd9oOhqzF9ZwSOIQHwTcWDD7dMvddHlsKGPnYHS7NR5UuswVd7A8BtqCsQCACK\nsIPaj8W5sLBQdDmrklxe9HiYX2WV/9tcdJ6UTcaxp7cxei8kKYBNMjg0vuN3Slj3\ny/K0X3QoMzrofRO8gLVQnVNWAPEq2MYZHRdD+92hKNVp4mM0NKmcKZaUkR2Y5sOe\njxeuCKMCc3rY6XvmxY+TRIg2z4/9IbRAvgaVRCbGXP0YRclbdqiIb1Pj2L8d48Aw\nPmNzcNtGs0h36NJhz5ywmMz0BRsg3xbReAW+eLwPAAABAQDzBNhHHCnZ7WMdHVbD\n5cx+5WI/oasMdPQhkeJAfqlTjfrSU2kKJxTt3+ldxZB2Y3KPPLOY/iiyZu+B6kfB\nlz3aJztMAxIbwOfEGf2TO1BKN4gdCLj9GgEsXOl3KgdJy9j/K3JawU/USF/ALx6h\n2htPROMjRjbLmo+tiEPNIMJNKhG5e/uNAloR+t0h6hWlqhKyfYYMB6/ZRzbmrz77\nA2txRhTZFwtmctlfa1BLLBrbendnxk4IT6d84M79px1yG1gxLDT1ECDpvdFhSEHK\n6A6GuJ5zYInTjxYN5GXhfhtPafhfnpQVlu6LtW95PDaGf0feJDVI6/TSc8Hfj036\nKriTAAABAQDuYYCx9YnRWoXeZiVeSwAWYCfC/73MLbX33gAl9DiPQ7/q+fkA+hHy\nMrNrSmnQXsy3hf1q0vr395PyBW8fONu5EDJPFfEU+FNINmVa5D3WBOe7rq1oxV7I\nAszPbxfWLyfXBSjXGqd/DV4l/pwhFSikbQO4All5hjDSgBDqM1put2Hv5SDE1nJg\nJ5dWL/XkJC8xTezyv4S0mIsV4oC3blA9yRMWIAk1+Y9vi3v4PTaCwRJqqPXOzR2u\nbHHLvXykUWFQKR11BghA1ZVoQYnb+eatxOmm38It88RUA4gdoXTfd0yRhHu5265a\na966r2fG++cpqjW1lvLKhJYAwv4GQjDRAAAAAAEC\n-----END OPENSSH PRIVATE KEY-----\n",
            "private_key_pem": "-----BEGIN RSA PRIVATE KEY-----\nMIIJKAIBAAKCAgEA4ksQE2q0IwZaWth6pgGYFu2r7ZJt8b0g76KfoV0eBHcbqZfH\nTFN5uIDf7QWZr9MOxQ35f3adkL4Uo8vYlKFEvOfQ9H3+uluig/Mr0vxYpDy6vTfw\nizWTxLefrmAwWs0vSEJay9d9oIVmrFNfWKQ79qSPZ7rirbQDF0dKl0Y3ZSSNsrmT\nmVFRI6WB1ElJFQ0i4yIJGJou5IdMRaSnWrZrqOD7XbKmtAK376oWjWXZZCdbBZDL\n/Cq46ad0s3oXSo7ofunNJiSM/eI0+YF3fKHud6ek2t99I17ij88dr1tsxuvC48rN\nMLm1hUWRhrzFSb/D2txLIrb9V7OR/1LgaqtgsxEX6GM+hPth+bsze8a3jcuxDKe8\nF/ot23KcAe9Ak/VUL+rpyttbIYCmV9kjNvUlvGpku+DXi9oXv/L0A7acQjgeia67\nEAjeqXbHsLzpBIfsb5U8a+Wm4mNM/JrlFM+KDutco+wneSCm8cC/CYdY1E5FADHS\ntJGX8vRa13TDsWXj7+clnHVLTjGj5NrHoCY/XvsrzjNBtD+91RzDqh4jRfWJna/o\nGBVdU4rwdcWO01Lbx7LznjtE6OXbzgAi0UZginzigIRd2tzrzoKWcG9szfxw8ATv\n6h/z2fYqp1Fxw2NmkXSetgGDydO+E7BD9BRQ2WuNI6NKWDa+sJykwkdiQAMCAwEA\nAQKCAgBuHd7FxA/CV24SdPNB4taymZcnNTEhCEqFsdoB+MEJpTglz8DgqGI74SKW\nQTpnL8opI8K8PukvrP94MVLECLHdRuUMhF83Ki4sDWHO+pLb4N1yBE2eQEUW3c/r\nV81P8jbG79slBEiSmze6NZvZE5pGTA+oh22U31r9sehfMoD0S9RUGy/y1HoqYXiK\n59qTTuAiLMbGXQjileAMp7H0V36OIGTRVIUAZa5CBr+QsPYXYXtOewZ4QAXZVW5Z\ng9jfpCkI0RbOL80YIkJrA5A0aswTF9YF1+kaFCsllcC5O0D0j3c3x9EPm97z6kWF\njkhmudVBpB8/1lHzomMyHo8r+RdFQZMi2aTTeiok6lJnkRUt4iBw44zXmfgU3HK3\nKagGtjEbekV5T5JXHlqlFY524dlx5KwOoz1h5485HAnopcUCJjR8GiWqIGgekdpa\nV3z7jDs9s+v7IBHiq730kkKgXHy9epoB6T2i/Vk9ZWd+L9+6qgiYtN7mCPub5rTb\n//jTG+O3t4ruW9F1x83h9XLINVRptp1h5GiTyObq4ajIjP1I70DaGhlJOknpv+0e\nikFcOsDbO2zMW56YvEhv+SqYylHX6QDrZUhr9QBGAOthKGFAWhRdBfvNcrzD8c6C\nRcfQOQeAkx7RYd2vwjSeeQK3QtloX79INI8EgR/ewE1UVvU94QKCAQEA8wTYRxwp\n2e1jHR1Ww+XMfuViP6GrDHT0IZHiQH6pU4360lNpCicU7d/pXcWQdmNyjzyzmP4o\nsmbvgepHwZc92ic7TAMSG8DnxBn9kztQSjeIHQi4/RoBLFzpdyoHScvY/ytyWsFP\n1EhfwC8eodobT0TjI0Y2y5qPrYhDzSDCTSoRuXv7jQJaEfrdIeoVpaoSsn2GDAev\n2Uc25q8++wNrcUYU2RcLZnLZX2tQSywa23p3Z8ZOCE+nfODO/acdchtYMSw09RAg\n6b3RYUhByugOhriec2CJ048WDeRl4X4bT2n4X56UFZbui7VveTw2hn9H3iQ1SOv0\n0nPB349N+iq4kwKCAQEA7mGAsfWJ0VqF3mYlXksAFmAnwv+9zC21994AJfQ4j0O/\n6vn5APoR8jKza0pp0F7Mt4X9atL69/eT8gVvHzjbuRAyTxXxFPhTSDZlWuQ91gTn\nu66taMVeyALMz28X1i8n1wUo1xqnfw1eJf6cIRUopG0DuAJZeYYw0oAQ6jNabrdh\n7+UgxNZyYCeXVi/15CQvMU3s8r+EtJiLFeKAt25QPckTFiAJNfmPb4t7+D02gsES\naqj1zs0drmxxy718pFFhUCkddQYIQNWVaEGJ2/nmrcTppt/CLfPEVAOIHaF033dM\nkYR7uduuWmveuq9nxvvnKao1tZbyyoSWAML+BkIw0QKCAQBycZKkkkfHQDrPyDRH\nFt4h2EZXbvwNZrpdYMUq2DtHhPJcwDkUNeluSGcu6M4qYpTdjZmKcA6cTUt3Y+wc\n5+uR463SExQhC8xZll/LSUB7YwFvot7zGp741FyB6MH758quCDjXMng0oUyuRcJo\nOD1qLCfHQdamNYh6EVTUshuumSQ1tIR3GGdwVjJzOTiuhpQ9iE1rNueCLD5Xjqnb\nLfYYJwfEYEzXFzj07aWncQLI3ziCH2o6EcDvVzNDUsLULLpwlb/utIS7bs++v3d0\nZaoJmcHM1eayQY0CR9AOzANyd5Ym+ZgFPsnh8zSm5EtNNX2TyHtrdusZfLgNXwA6\n0omPAoIBAA5ykl42x3eMyPhFsJYabZLtmPtUjKhHTPQM3G1wc80bChKvu8u3XEcV\nk5I5HFiopjepQ0aqKtPEiY7tjWKTC54XwTTR256tvj5uLY5orua9vV2+pHvpGml8\n4fTggs1UZlG92k/PKb+li8M5vzSyF5h/ku4gFlQrMeJQKLZJDn4PVzw24tmLNbtm\nKuHqXjjJiKKwWmAMA3r+k89rvulfIjXcbe+1WVmQGoVkKstMynT6Rqd4Pg2emOHt\naKg0f81lsUQueb6R8wYa68c50aUnbDez64VVomsujwOYgzNoibDRhi57nRQSoGqS\nhxlBcES7F7OKwV6UG3rytjStnL+8W0ECggEBAIeI6CTrobpQ5jkQKNEM6dtsViUK\ntwNXzWjeEaXHqazgeZAIU932g6GrMX1nBI4hAfBNxYMPt0y910eWwoY+dgdLs1Hl\nS6zBV3sDwG2oKxAIAIqwg9qPxbmwsFB0OauSXF70eJhfZZX/21x0npRNxrGntzF6\nLyQpgE0yODS+43dKWPfL8rRfdCgzOuh9E7yAtVCdU1YA8SrYxhkdF0P73aEo1Wni\nYzQ0qZwplpSRHZjmw56PF64IowJzetjpe+bFj5NEiDbPj/0htEC+BpVEJsZc/RhF\nyVt2qIhvU+PYvx3jwDA+Y3Nw20azSHfo0mHPnLCYzPQFGyDfFtF4Bb54vA8=\n-----END RSA PRIVATE KEY-----\n",
            "public_key_fingerprint_md5": "9e:87:af:72:80:87:84:9c:a7:d4:1a:cb:c4:04:ef:7e",
            "public_key_fingerprint_sha256": "SHA256:K32ThLkfn9XNIdX0nhcCz7WxVSM6SaYnAstLNbVW7rs",
            "public_key_openssh": "ssh-rsa AAAAB3NzaC1yc2EAAAADAQABAAACAQDiSxATarQjBlpa2HqmAZgW7avtkm3xvSDvop+hXR4Edxupl8dMU3m4gN/tBZmv0w7FDfl/dp2QvhSjy9iUoUS859D0ff66W6KD8yvS/FikPLq9N/CLNZPEt5+uYDBazS9IQlrL132ghWasU19YpDv2pI9nuuKttAMXR0qXRjdlJI2yuZOZUVEjpYHUSUkVDSLjIgkYmi7kh0xFpKdatmuo4Ptdsqa0ArfvqhaNZdlkJ1sFkMv8Krjpp3SzehdKjuh+6c0mJIz94jT5gXd8oe53p6Ta330jXuKPzx2vW2zG68Ljys0wubWFRZGGvMVJv8Pa3Esitv1Xs5H/UuBqq2CzERfoYz6E+2H5uzN7xreNy7EMp7wX+i3bcpwB70CT9VQv6unK21shgKZX2SM29SW8amS74NeL2he/8vQDtpxCOB6JrrsQCN6pdsewvOkEh+xvlTxr5abiY0z8muUUz4oO61yj7Cd5IKbxwL8Jh1jUTkUAMdK0kZfy9FrXdMOxZePv5yWcdUtOMaPk2segJj9e+yvOM0G0P73VHMOqHiNF9Ymdr+gYFV1TivB1xY7TUtvHsvOeO0To5dvOACLRRmCKfOKAhF3a3OvOgpZwb2zN/HDwBO/qH/PZ9iqnUXHDY2aRdJ62AYPJ074TsEP0FFDZa40jo0pYNr6wnKTCR2JAAw==\n",
            "public_key_pem": "-----BEGIN PUBLIC KEY-----\nMIICIjANBgkqhkiG9w0BAQEFAAOCAg8AMIICCgKCAgEA4ksQE2q0IwZaWth6pgGY\nFu2r7ZJt8b0g76KfoV0eBHcbqZfHTFN5uIDf7QWZr9MOxQ35f3adkL4Uo8vYlKFE\nvOfQ9H3+uluig/Mr0vxYpDy6vTfwizWTxLefrmAwWs0vSEJay9d9oIVmrFNfWKQ7\n9qSPZ7rirbQDF0dKl0Y3ZSSNsrmTmVFRI6WB1ElJFQ0i4yIJGJou5IdMRaSnWrZr\nqOD7XbKmtAK376oWjWXZZCdbBZDL/Cq46ad0s3oXSo7ofunNJiSM/eI0+YF3fKHu\nd6ek2t99I17ij88dr1tsxuvC48rNMLm1hUWRhrzFSb/D2txLIrb9V7OR/1Lgaqtg\nsxEX6GM+hPth+bsze8a3jcuxDKe8F/ot23KcAe9Ak/VUL+rpyttbIYCmV9kjNvUl\nvGpku+DXi9oXv/L0A7acQjgeia67EAjeqXbHsLzpBIfsb5U8a+Wm4mNM/JrlFM+K\nDutco+wneSCm8cC/CYdY1E5FADHStJGX8vRa13TDsWXj7+clnHVLTjGj5NrHoCY/\nXvsrzjNBtD+91RzDqh4jRfWJna/oGBVdU4rwdcWO01Lbx7LznjtE6OXbzgAi0UZg\ninzigIRd2tzrzoKWcG9szfxw8ATv6h/z2fYqp1Fxw2NmkXSetgGDydO+E7BD9BRQ\n2WuNI6NKWDa+sJykwkdiQAMCAwEAAQ==\n-----END PUBLIC KEY-----\n",
            "rsa_bits": 4096
          },
          "sensitive_attributes": [],
          "private": "bnVsbA=="
        }
      ]
    }
  ]
}
